
Microsoft Visual Studio Solution File, Format Version 12.00
# Visual Studio Version 18
VisualStudioVersion = 18.4.11626.88 stable
MinimumVisualStudioVersion = 10.0.40219.1
Project("{FAE04EC0-301F-11D3-BF4B-00C04F79EFBC}") = "RazorpayApi", "RazorpayApi.csproj", "{463D1888-37F6-C8C0-E754-F3242660AD47}"
EndProject
Global
	GlobalSection(SolutionConfigurationPlatforms) = preSolution
		Debug|Any CPU = Debug|Any CPU
		Release|Any CPU = Release|Any CPU
	EndGlobalSection
	GlobalSection(ProjectConfigurationPlatforms) = postSolution
		{463D1888-37F6-C8C0-E754-F3242660AD47}.Debug|Any CPU.ActiveCfg = Debug|Any CPU
		{463D1888-37F6-C8C0-E754-F3242660AD47}.Debug|Any CPU.Build.0 = Debug|Any CPU
		{463D1888-37F6-C8C0-E754-F3242660AD47}.Release|Any CPU.ActiveCfg = Release|Any CPU
		{463D1888-37F6-C8C0-E754-F3242660AD47}.Release|Any CPU.Build.0 = Release|Any CPU
	EndGlobalSection
	GlobalSection(SolutionProperties) = preSolution
		HideSolutionNode = FALSE
	EndGlobalSection
	GlobalSection(ExtensibilityGlobals) = postSolution
		SolutionGuid = {312ECC35-5405-42FF-B2A8-F3AD6ECAF60E}
	EndGlobalSection
EndGlobal
